
Microsoft Visual Studio Solution File, Format Version 12.00
# Visual Studio 14
VisualStudioVersion = 14.0.25123.0
MinimumVisualStudioVersion = 10.0.40219.1
Project("{888888A0-9F3D-457C-B088-3A5042F75D52}") = "CheckMateMockClient", "CheckMateMockClient\CheckMateMockClient.pyproj", "{2BCB7C14-2352-4107-BCD4-C4E1C9B6CD44}"
EndProject
Global
	GlobalSection(SolutionConfigurationPlatforms) = preSolution
		Debug|Any CPU = Debug|Any CPU
		Release|Any CPU = Release|Any CPU
	EndGlobalSection
	GlobalSection(ProjectConfigurationPlatforms) = postSolution
		{2BCB7C14-2352-4107-BCD4-C4E1C9B6CD44}.Debug|Any CPU.ActiveCfg = Debug|Any CPU
		{2BCB7C14-2352-4107-BCD4-C4E1C9B6CD44}.Release|Any CPU.ActiveCfg = Release|Any CPU
	EndGlobalSection
	GlobalSection(SolutionProperties) = preSolution
		HideSolutionNode = FALSE
	EndGlobalSection
EndGlobal
